
Microsoft Visual Studio Solution File, Format Version 12.00
# Visual Studio Version 17
VisualStudioVersion = 17.3.32922.545
MinimumVisualStudioVersion = 10.0.40219.1
Project("{FAE04EC0-301F-11D3-BF4B-00C04F79EFBC}") = "Classic Snakes Game Tutorial - MOO ICT", "Classic Snakes Game Tutorial - MOO ICT\Classic Snakes Game Tutorial - MOO ICT.csproj", "{0E7FA24A-6F61-47C1-A60F-179FBCF93602}"
EndProject
Global
	GlobalSection(SolutionConfigurationPlatforms) = preSolution
		Debug|Any CPU = Debug|Any CPU
		Release|Any CPU = Release|Any CPU
	EndGlobalSection
	GlobalSection(ProjectConfigurationPlatforms) = postSolution
		{0E7FA24A-6F61-47C1-A60F-179FBCF93602}.Debug|Any CPU.ActiveCfg = Debug|Any CPU
		{0E7FA24A-6F61-47C1-A60F-179FBCF93602}.Debug|Any CPU.Build.0 = Debug|Any CPU
		{0E7FA24A-6F61-47C1-A60F-179FBCF93602}.Release|Any CPU.ActiveCfg = Release|Any CPU
		{0E7FA24A-6F61-47C1-A60F-179FBCF93602}.Release|Any CPU.Build.0 = Release|Any CPU
	EndGlobalSection
	GlobalSection(SolutionProperties) = preSolution
		HideSolutionNode = FALSE
	EndGlobalSection
	GlobalSection(ExtensibilityGlobals) = postSolution
		SolutionGuid = {C5AF9F0F-AA6C-49C2-904A-4025FD1488D7}
	EndGlobalSection
EndGlobal
